
Microsoft Visual Studio Solution File, Format Version 12.00
# Visual Studio Version 16
VisualStudioVersion = 16.0.30804.86
MinimumVisualStudioVersion = 10.0.40219.1
Project("{FAE04EC0-301F-11D3-BF4B-00C04F79EFBC}") = "AdoptSkinMpBeta", "AdoptSkinMpBeta\AdoptSkinMpBeta.csproj", "{FAA40A40-2884-47F9-84E9-C65D8506380A}"
EndProject
Global
	GlobalSection(SolutionConfigurationPlatforms) = preSolution
		Debug|Any CPU = Debug|Any CPU
		Release|Any CPU = Release|Any CPU
	EndGlobalSection
	GlobalSection(ProjectConfigurationPlatforms) = postSolution
		{FAA40A40-2884-47F9-84E9-C65D8506380A}.Debug|Any CPU.ActiveCfg = Debug|Any CPU
		{FAA40A40-2884-47F9-84E9-C65D8506380A}.Debug|Any CPU.Build.0 = Debug|Any CPU
		{FAA40A40-2884-47F9-84E9-C65D8506380A}.Release|Any CPU.ActiveCfg = Release|Any CPU
		{FAA40A40-2884-47F9-84E9-C65D8506380A}.Release|Any CPU.Build.0 = Release|Any CPU
	EndGlobalSection
	GlobalSection(SolutionProperties) = preSolution
		HideSolutionNode = FALSE
	EndGlobalSection
	GlobalSection(ExtensibilityGlobals) = postSolution
		SolutionGuid = {2541C4D9-9E00-4A1B-B4A9-10FD01DC7147}
	EndGlobalSection
EndGlobal
